
Microsoft Visual Studio Solution File, Format Version 12.00
# Visual Studio 15
VisualStudioVersion = 15.0.27004.2002
MinimumVisualStudioVersion = 10.0.40219.1
Project("{8BC9CEB8-8B4A-11D0-8D11-00A0C91BC942}") = "Project2", "Project2\Project2.vcxproj", "{D431473F-A743-427E-AF63-06A2C082A4C9}"
EndProject
Global
	GlobalSection(SolutionConfigurationPlatforms) = preSolution
		Debug|x64 = Debug|x64
		Debug|x86 = Debug|x86
		Release|x64 = Release|x64
		Release|x86 = Release|x86
	EndGlobalSection
	GlobalSection(ProjectConfigurationPlatforms) = postSolution
		{D431473F-A743-427E-AF63-06A2C082A4C9}.Debug|x64.ActiveCfg = Debug|x64
		{D431473F-A743-427E-AF63-06A2C082A4C9}.Debug|x64.Build.0 = Debug|x64
		{D431473F-A743-427E-AF63-06A2C082A4C9}.Debug|x86.ActiveCfg = Debug|Win32
		{D431473F-A743-427E-AF63-06A2C082A4C9}.Debug|x86.Build.0 = Debug|Win32
		{D431473F-A743-427E-AF63-06A2C082A4C9}.Release|x64.ActiveCfg = Release|x64
		{D431473F-A743-427E-AF63-06A2C082A4C9}.Release|x64.Build.0 = Release|x64
		{D431473F-A743-427E-AF63-06A2C082A4C9}.Release|x86.ActiveCfg = Release|Win32
		{D431473F-A743-427E-AF63-06A2C082A4C9}.Release|x86.Build.0 = Release|Win32
	EndGlobalSection
	GlobalSection(SolutionProperties) = preSolution
		HideSolutionNode = FALSE
	EndGlobalSection
	GlobalSection(ExtensibilityGlobals) = postSolution
		SolutionGuid = {8F463FDA-A2B2-446A-B45E-399457A9D339}
	EndGlobalSection
EndGlobal
